
Microsoft Visual Studio Solution File, Format Version 12.00
Project("{FAE04EC0-301F-11D3-BF4B-00C04F79EFBC}") = "Spark", "Spark\Spark.csproj", "{9779071C-65FA-4098-9A41-83184C29F456}"
EndProject
Project("{FAE04EC0-301F-11D3-BF4B-00C04F79EFBC}") = "Spark.Core", "Spark.Core\Spark.Core.csproj", "{6B5D82D8-0F35-43B9-A539-B98D6C808FD2}"
EndProject
Project("{FAE04EC0-301F-11D3-BF4B-00C04F79EFBC}") = "Spark.Abstractions", "Spark.Abstractions\Spark.Abstractions.csproj", "{2EB8A0CF-6D6E-48B3-913F-CE8EBBC79AF2}"
EndProject
Project("{FAE04EC0-301F-11D3-BF4B-00C04F79EFBC}") = "Spark.Contracts", "Spark.Contracts\Spark.Contracts.csproj", "{3A8C42EA-E02A-4920-B4E6-FD464B6CA105}"
EndProject
Global
	GlobalSection(SolutionConfigurationPlatforms) = preSolution
		Debug|Any CPU = Debug|Any CPU
		Release|Any CPU = Release|Any CPU
	EndGlobalSection
	GlobalSection(ProjectConfigurationPlatforms) = postSolution
		{9779071C-65FA-4098-9A41-83184C29F456}.Debug|Any CPU.ActiveCfg = Debug|Any CPU
		{9779071C-65FA-4098-9A41-83184C29F456}.Debug|Any CPU.Build.0 = Debug|Any CPU
		{9779071C-65FA-4098-9A41-83184C29F456}.Release|Any CPU.ActiveCfg = Release|Any CPU
		{9779071C-65FA-4098-9A41-83184C29F456}.Release|Any CPU.Build.0 = Release|Any CPU
		{6B5D82D8-0F35-43B9-A539-B98D6C808FD2}.Debug|Any CPU.ActiveCfg = Debug|Any CPU
		{6B5D82D8-0F35-43B9-A539-B98D6C808FD2}.Debug|Any CPU.Build.0 = Debug|Any CPU
		{6B5D82D8-0F35-43B9-A539-B98D6C808FD2}.Release|Any CPU.ActiveCfg = Release|Any CPU
		{6B5D82D8-0F35-43B9-A539-B98D6C808FD2}.Release|Any CPU.Build.0 = Release|Any CPU
		{2EB8A0CF-6D6E-48B3-913F-CE8EBBC79AF2}.Debug|Any CPU.ActiveCfg = Debug|Any CPU
		{2EB8A0CF-6D6E-48B3-913F-CE8EBBC79AF2}.Debug|Any CPU.Build.0 = Debug|Any CPU
		{2EB8A0CF-6D6E-48B3-913F-CE8EBBC79AF2}.Release|Any CPU.ActiveCfg = Release|Any CPU
		{2EB8A0CF-6D6E-48B3-913F-CE8EBBC79AF2}.Release|Any CPU.Build.0 = Release|Any CPU
		{3A8C42EA-E02A-4920-B4E6-FD464B6CA105}.Debug|Any CPU.ActiveCfg = Debug|Any CPU
		{3A8C42EA-E02A-4920-B4E6-FD464B6CA105}.Debug|Any CPU.Build.0 = Debug|Any CPU
		{3A8C42EA-E02A-4920-B4E6-FD464B6CA105}.Release|Any CPU.ActiveCfg = Release|Any CPU
		{3A8C42EA-E02A-4920-B4E6-FD464B6CA105}.Release|Any CPU.Build.0 = Release|Any CPU
	EndGlobalSection
EndGlobal
